
Microsoft Visual Studio Solution File, Format Version 12.00
# Visual Studio Version 17
VisualStudioVersion = 17.11.35312.102
MinimumVisualStudioVersion = 10.0.40219.1
Project("{FAE04EC0-301F-11D3-BF4B-00C04F79EFBC}") = "FileOperations", "FileOperations\FileOperations.csproj", "{B7070F7E-2A64-4D21-AFFA-1CF1E9183511}"
EndProject
Global
	GlobalSection(SolutionConfigurationPlatforms) = preSolution
		Debug|Any CPU = Debug|Any CPU
		Release|Any CPU = Release|Any CPU
	EndGlobalSection
	GlobalSection(ProjectConfigurationPlatforms) = postSolution
		{B7070F7E-2A64-4D21-AFFA-1CF1E9183511}.Debug|Any CPU.ActiveCfg = Debug|Any CPU
		{B7070F7E-2A64-4D21-AFFA-1CF1E9183511}.Debug|Any CPU.Build.0 = Debug|Any CPU
		{B7070F7E-2A64-4D21-AFFA-1CF1E9183511}.Release|Any CPU.ActiveCfg = Release|Any CPU
		{B7070F7E-2A64-4D21-AFFA-1CF1E9183511}.Release|Any CPU.Build.0 = Release|Any CPU
	EndGlobalSection
	GlobalSection(SolutionProperties) = preSolution
		HideSolutionNode = FALSE
	EndGlobalSection
	GlobalSection(ExtensibilityGlobals) = postSolution
		SolutionGuid = {533CB32E-9F98-4E6E-AFD4-8BBF3AEBAA3C}
	EndGlobalSection
EndGlobal
